// !$*UTF8*$!
{
	archiveVersion = 1;
	classes = {
	};
	objectVersion = 51;
	objects = {

/* Begin PBXBuildFile section */
		37201E66C8DD325AF7D85A14 /* Pods_DSGCodingChallengeTests.framework in Frameworks */ = {isa = PBXBuildFile; fileRef = F70360F460C069757E3BA6CA /* Pods_DSGCodingChallengeTests.framework */; };
		4C530FE5612D4E0D8779F385 /* Pods_DSGCodingChallenge.framework in Frameworks */ = {isa = PBXBuildFile; fileRef = B9082D352F3BA50911B6A410 /* Pods_DSGCodingChallenge.framework */; };
		EB5969EE27DEBAF4007089A5 /* UserData.xcdatamodeld in Sources */ = {isa = PBXBuildFile; fileRef = EB5969EC27DEBAF4007089A5 /* UserData.xcdatamodeld */; };
		EB5969F327DEBB30007089A5 /* CoreUserData.swift in Sources */ = {isa = PBXBuildFile; fileRef = EB5969F227DEBB30007089A5 /* CoreUserData.swift */; };
		EB5969FE27DEF02F007089A5 /* UserCoreDataTests.swift in Sources */ = {isa = PBXBuildFile; fileRef = EB5969FD27DEF02F007089A5 /* UserCoreDataTests.swift */; };
		EB66682D27DC30E9009A1930 /* REPOEvents.swift in Sources */ = {isa = PBXBuildFile; fileRef = EB66682C27DC30E9009A1930 /* REPOEvents.swift */; };
		EB66684327DC62A1009A1930 /* SearchBar.swift in Sources */ = {isa = PBXBuildFile; fileRef = EB66684227DC62A1009A1930 /* SearchBar.swift */; };
		EB78A8E927DAB6BE0041404A /* DSGCodingChallengeApp.swift in Sources */ = {isa = PBXBuildFile; fileRef = EB78A8E827DAB6BE0041404A /* DSGCodingChallengeApp.swift */; };
		EB78A8EB27DAB6BE0041404A /* VEventList.swift in Sources */ = {isa = PBXBuildFile; fileRef = EB78A8EA27DAB6BE0041404A /* VEventList.swift */; };
		EB78A8ED27DAB6C20041404A /* Assets.xcassets in Resources */ = {isa = PBXBuildFile; fileRef = EB78A8EC27DAB6C20041404A /* Assets.xcassets */; };
		EB78A8F027DAB6C20041404A /* Preview Assets.xcassets in Resources */ = {isa = PBXBuildFile; fileRef = EB78A8EF27DAB6C20041404A /* Preview Assets.xcassets */; };
		EB78A8FB27DAB6C20041404A /* SVCSeatGeekTests.swift in Sources */ = {isa = PBXBuildFile; fileRef = EB78A8FA27DAB6C20041404A /* SVCSeatGeekTests.swift */; };
		EB78A91A27DABCA90041404A /* VHomeScreen.swift in Sources */ = {isa = PBXBuildFile; fileRef = EB78A91927DABCA90041404A /* VHomeScreen.swift */; };
		EB78A92627DABFE50041404A /* VEventListItem.swift in Sources */ = {isa = PBXBuildFile; fileRef = EB78A92527DABFE50041404A /* VEventListItem.swift */; };
		EB78A93127DAC01C0041404A /* VEventDetails.swift in Sources */ = {isa = PBXBuildFile; fileRef = EB78A93027DAC01C0041404A /* VEventDetails.swift */; };
		EB78A93627DAC0350041404A /* Models.swift in Sources */ = {isa = PBXBuildFile; fileRef = EB78A93527DAC0350041404A /* Models.swift */; };
		EB78A94027DAC0630041404A /* VMEventListItem.swift in Sources */ = {isa = PBXBuildFile; fileRef = EB78A93F27DAC0630041404A /* VMEventListItem.swift */; };
		EB78A98127DADCAF0041404A /* SVCSeatGeek.swift in Sources */ = {isa = PBXBuildFile; fileRef = EB78A98027DADCAF0041404A /* SVCSeatGeek.swift */; };
/* End PBXBuildFile section */

/* Begin PBXContainerItemProxy section */
		EB78A8F727DAB6C20041404A /* PBXContainerItemProxy */ = {
			isa = PBXContainerItemProxy;
			containerPortal = EB78A8DD27DAB6BD0041404A /* Project object */;
			proxyType = 1;
			remoteGlobalIDString = EB78A8E427DAB6BE0041404A;
			remoteInfo = DSGCodingChallenge;
		};
/* End PBXContainerItemProxy section */

/* Begin PBXFileReference section */
		1B63ACDC5172AF9001BB2008 /* Pods-DSGCodingChallenge-DSGCodingChallengeUITests.debug.xcconfig */ = {isa = PBXFileReference; includeInIndex = 1; lastKnownFileType = text.xcconfig; name = "Pods-DSGCodingChallenge-DSGCodingChallengeUITests.debug.xcconfig"; path = "Target Support Files/Pods-DSGCodingChallenge-DSGCodingChallengeUITests/Pods-DSGCodingChallenge-DSGCodingChallengeUITests.debug.xcconfig"; sourceTree = "<group>"; };
		52FFA67CF03B10DDBAEF8D33 /* Pods-DSGCodingChallengeTests.release.xcconfig */ = {isa = PBXFileReference; includeInIndex = 1; lastKnownFileType = text.xcconfig; name = "Pods-DSGCodingChallengeTests.release.xcconfig"; path = "Target Support Files/Pods-DSGCodingChallengeTests/Pods-DSGCodingChallengeTests.release.xcconfig"; sourceTree = "<group>"; };
		625205B2A127F58625DA50F3 /* Pods-DSGCodingChallenge-DSGCodingChallengeUITests.release.xcconfig */ = {isa = PBXFileReference; includeInIndex = 1; lastKnownFileType = text.xcconfig; name = "Pods-DSGCodingChallenge-DSGCodingChallengeUITests.release.xcconfig"; path = "Target Support Files/Pods-DSGCodingChallenge-DSGCodingChallengeUITests/Pods-DSGCodingChallenge-DSGCodingChallengeUITests.release.xcconfig"; sourceTree = "<group>"; };
		79F9F08E27D0E7971B06FF8F /* Pods-DSGCodingChallenge.release.xcconfig */ = {isa = PBXFileReference; includeInIndex = 1; lastKnownFileType = text.xcconfig; name = "Pods-DSGCodingChallenge.release.xcconfig"; path = "Target Support Files/Pods-DSGCodingChallenge/Pods-DSGCodingChallenge.release.xcconfig"; sourceTree = "<group>"; };
		B662385264024659CD9A5D32 /* Pods-DSGCodingChallenge.debug.xcconfig */ = {isa = PBXFileReference; includeInIndex = 1; lastKnownFileType = text.xcconfig; name = "Pods-DSGCodingChallenge.debug.xcconfig"; path = "Target Support Files/Pods-DSGCodingChallenge/Pods-DSGCodingChallenge.debug.xcconfig"; sourceTree = "<group>"; };
		B9082D352F3BA50911B6A410 /* Pods_DSGCodingChallenge.framework */ = {isa = PBXFileReference; explicitFileType = wrapper.framework; includeInIndex = 0; path = Pods_DSGCodingChallenge.framework; sourceTree = BUILT_PRODUCTS_DIR; };
		C13B250745311B806CA1505A /* Pods-DSGCodingChallengeTests.debug.xcconfig */ = {isa = PBXFileReference; includeInIndex = 1; lastKnownFileType = text.xcconfig; name = "Pods-DSGCodingChallengeTests.debug.xcconfig"; path = "Target Support Files/Pods-DSGCodingChallengeTests/Pods-DSGCodingChallengeTests.debug.xcconfig"; sourceTree = "<group>"; };
		D797B68DF3932F313068801F /* Pods_DSGCodingChallenge_DSGCodingChallengeUITests.framework */ = {isa = PBXFileReference; explicitFileType = wrapper.framework; includeInIndex = 0; path = Pods_DSGCodingChallenge_DSGCodingChallengeUITests.framework; sourceTree = BUILT_PRODUCTS_DIR; };
		EB5969ED27DEBAF4007089A5 /* UserData.xcdatamodel */ = {isa = PBXFileReference; lastKnownFileType = wrapper.xcdatamodel; path = UserData.xcdatamodel; sourceTree = "<group>"; };
		EB5969F227DEBB30007089A5 /* CoreUserData.swift */ = {isa = PBXFileReference; lastKnownFileType = sourcecode.swift; path = CoreUserData.swift; sourceTree = "<group>"; };
		EB5969FD27DEF02F007089A5 /* UserCoreDataTests.swift */ = {isa = PBXFileReference; lastKnownFileType = sourcecode.swift; path = UserCoreDataTests.swift; sourceTree = "<group>"; };
		EB66682C27DC30E9009A1930 /* REPOEvents.swift */ = {isa = PBXFileReference; lastKnownFileType = sourcecode.swift; path = REPOEvents.swift; sourceTree = "<group>"; };
		EB66684227DC62A1009A1930 /* SearchBar.swift */ = {isa = PBXFileReference; lastKnownFileType = sourcecode.swift; path = SearchBar.swift; sourceTree = "<group>"; };
		EB78A8E527DAB6BE0041404A /* DSGCodingChallenge.app */ = {isa = PBXFileReference; explicitFileType = wrapper.application; includeInIndex = 0; path = DSGCodingChallenge.app; sourceTree = BUILT_PRODUCTS_DIR; };
		EB78A8E827DAB6BE0041404A /* DSGCodingChallengeApp.swift */ = {isa = PBXFileReference; lastKnownFileType = sourcecode.swift; path = DSGCodingChallengeApp.swift; sourceTree = "<group>"; };
		EB78A8EA27DAB6BE0041404A /* VEventList.swift */ = {isa = PBXFileReference; lastKnownFileType = sourcecode.swift; path = VEventList.swift; sourceTree = "<group>"; };
		EB78A8EC27DAB6C20041404A /* Assets.xcassets */ = {isa = PBXFileReference; lastKnownFileType = folder.assetcatalog; path = Assets.xcassets; sourceTree = "<group>"; };
		EB78A8EF27DAB6C20041404A /* Preview Assets.xcassets */ = {isa = PBXFileReference; lastKnownFileType = folder.assetcatalog; path = "Preview Assets.xcassets"; sourceTree = "<group>"; };
		EB78A8F127DAB6C20041404A /* Info.plist */ = {isa = PBXFileReference; lastKnownFileType = text.plist.xml; path = Info.plist; sourceTree = "<group>"; };
		EB78A8F627DAB6C20041404A /* DSGCodingChallengeTests.xctest */ = {isa = PBXFileReference; explicitFileType = wrapper.cfbundle; includeInIndex = 0; path = DSGCodingChallengeTests.xctest; sourceTree = BUILT_PRODUCTS_DIR; };
		EB78A8FA27DAB6C20041404A /* SVCSeatGeekTests.swift */ = {isa = PBXFileReference; lastKnownFileType = sourcecode.swift; path = SVCSeatGeekTests.swift; sourceTree = "<group>"; };
		EB78A8FC27DAB6C20041404A /* Info.plist */ = {isa = PBXFileReference; lastKnownFileType = text.plist.xml; path = Info.plist; sourceTree = "<group>"; };
		EB78A91927DABCA90041404A /* VHomeScreen.swift */ = {isa = PBXFileReference; lastKnownFileType = sourcecode.swift; path = VHomeScreen.swift; sourceTree = "<group>"; };
		EB78A92527DABFE50041404A /* VEventListItem.swift */ = {isa = PBXFileReference; lastKnownFileType = sourcecode.swift; path = VEventListItem.swift; sourceTree = "<group>"; };
		EB78A93027DAC01C0041404A /* VEventDetails.swift */ = {isa = PBXFileReference; lastKnownFileType = sourcecode.swift; path = VEventDetails.swift; sourceTree = "<group>"; };
		EB78A93527DAC0350041404A /* Models.swift */ = {isa = PBXFileReference; lastKnownFileType = sourcecode.swift; path = Models.swift; sourceTree = "<group>"; };
		EB78A93F27DAC0630041404A /* VMEventListItem.swift */ = {isa = PBXFileReference; lastKnownFileType = sourcecode.swift; path = VMEventListItem.swift; sourceTree = "<group>"; };
		EB78A98027DADCAF0041404A /* SVCSeatGeek.swift */ = {isa = PBXFileReference; lastKnownFileType = sourcecode.swift; path = SVCSeatGeek.swift; sourceTree = "<group>"; };
		F70360F460C069757E3BA6CA /* Pods_DSGCodingChallengeTests.framework */ = {isa = PBXFileReference; explicitFileType = wrapper.framework; includeInIndex = 0; path = Pods_DSGCodingChallengeTests.framework; sourceTree = BUILT_PRODUCTS_DIR; };
/* End PBXFileReference section */

/* Begin PBXFrameworksBuildPhase section */
		EB78A8E227DAB6BE0041404A /* Frameworks */ = {
			isa = PBXFrameworksBuildPhase;
			buildActionMask = 2147483647;
			files = (
				4C530FE5612D4E0D8779F385 /* Pods_DSGCodingChallenge.framework in Frameworks */,
			);
			runOnlyForDeploymentPostprocessing = 0;
		};
		EB78A8F327DAB6C20041404A /* Frameworks */ = {
			isa = PBXFrameworksBuildPhase;
			buildActionMask = 2147483647;
			files = (
				37201E66C8DD325AF7D85A14 /* Pods_DSGCodingChallengeTests.framework in Frameworks */,
			);
			runOnlyForDeploymentPostprocessing = 0;
		};
/* End PBXFrameworksBuildPhase section */

/* Begin PBXGroup section */
		59C3AE0C0864E51ED46CE305 /* Pods */ = {
			isa = PBXGroup;
			children = (
				B662385264024659CD9A5D32 /* Pods-DSGCodingChallenge.debug.xcconfig */,
				79F9F08E27D0E7971B06FF8F /* Pods-DSGCodingChallenge.release.xcconfig */,
				1B63ACDC5172AF9001BB2008 /* Pods-DSGCodingChallenge-DSGCodingChallengeUITests.debug.xcconfig */,
				625205B2A127F58625DA50F3 /* Pods-DSGCodingChallenge-DSGCodingChallengeUITests.release.xcconfig */,
				C13B250745311B806CA1505A /* Pods-DSGCodingChallengeTests.debug.xcconfig */,
				52FFA67CF03B10DDBAEF8D33 /* Pods-DSGCodingChallengeTests.release.xcconfig */,
			);
			path = Pods;
			sourceTree = "<group>";
		};
		62900C454617EACEBAAC33E4 /* Frameworks */ = {
			isa = PBXGroup;
			children = (
				B9082D352F3BA50911B6A410 /* Pods_DSGCodingChallenge.framework */,
				D797B68DF3932F313068801F /* Pods_DSGCodingChallenge_DSGCodingChallengeUITests.framework */,
				F70360F460C069757E3BA6CA /* Pods_DSGCodingChallengeTests.framework */,
			);
			name = Frameworks;
			sourceTree = "<group>";
		};
		EB66682B27DC30C6009A1930 /* Data Repositories */ = {
			isa = PBXGroup;
			children = (
				EB66682C27DC30E9009A1930 /* REPOEvents.swift */,
				EB5969F227DEBB30007089A5 /* CoreUserData.swift */,
			);
			path = "Data Repositories";
			sourceTree = "<group>";
		};
		EB66684127DC6294009A1930 /* Helper */ = {
			isa = PBXGroup;
			children = (
				EB66684227DC62A1009A1930 /* SearchBar.swift */,
			);
			path = Helper;
			sourceTree = "<group>";
		};
		EB78A8DC27DAB6BD0041404A = {
			isa = PBXGroup;
			children = (
				EB5969EC27DEBAF4007089A5 /* UserData.xcdatamodeld */,
				EB78A8E727DAB6BE0041404A /* DSGCodingChallenge */,
				EB78A8F927DAB6C20041404A /* DSGCodingChallengeTests */,
				EB78A8E627DAB6BE0041404A /* Products */,
				59C3AE0C0864E51ED46CE305 /* Pods */,
				62900C454617EACEBAAC33E4 /* Frameworks */,
			);
			sourceTree = "<group>";
		};
		EB78A8E627DAB6BE0041404A /* Products */ = {
			isa = PBXGroup;
			children = (
				EB78A8E527DAB6BE0041404A /* DSGCodingChallenge.app */,
				EB78A8F627DAB6C20041404A /* DSGCodingChallengeTests.xctest */,
			);
			name = Products;
			sourceTree = "<group>";
		};
		EB78A8E727DAB6BE0041404A /* DSGCodingChallenge */ = {
			isa = PBXGroup;
			children = (
				EB66682B27DC30C6009A1930 /* Data Repositories */,
				EB78A92427DABF9B0041404A /* Views */,
				EB78A92327DABF8A0041404A /* Models */,
				EB78A92227DABF820041404A /* View Models */,
				EB78A92127DABF700041404A /* Services */,
				EB78A8EC27DAB6C20041404A /* Assets.xcassets */,
				EB78A8F127DAB6C20041404A /* Info.plist */,
				EB78A8EE27DAB6C20041404A /* Preview Content */,
			);
			path = DSGCodingChallenge;
			sourceTree = "<group>";
		};
		EB78A8EE27DAB6C20041404A /* Preview Content */ = {
			isa = PBXGroup;
			children = (
				EB78A8EF27DAB6C20041404A /* Preview Assets.xcassets */,
			);
			path = "Preview Content";
			sourceTree = "<group>";
		};
		EB78A8F927DAB6C20041404A /* DSGCodingChallengeTests */ = {
			isa = PBXGroup;
			children = (
				EB78A8FA27DAB6C20041404A /* SVCSeatGeekTests.swift */,
				EB78A8FC27DAB6C20041404A /* Info.plist */,
				EB5969FD27DEF02F007089A5 /* UserCoreDataTests.swift */,
			);
			path = DSGCodingChallengeTests;
			sourceTree = "<group>";
		};
		EB78A92127DABF700041404A /* Services */ = {
			isa = PBXGroup;
			children = (
				EB78A98027DADCAF0041404A /* SVCSeatGeek.swift */,
			);
			path = Services;
			sourceTree = "<group>";
		};
		EB78A92227DABF820041404A /* View Models */ = {
			isa = PBXGroup;
			children = (
				EB78A93F27DAC0630041404A /* VMEventListItem.swift */,
			);
			path = "View Models";
			sourceTree = "<group>";
		};
		EB78A92327DABF8A0041404A /* Models */ = {
			isa = PBXGroup;
			children = (
				EB78A93527DAC0350041404A /* Models.swift */,
			);
			path = Models;
			sourceTree = "<group>";
		};
		EB78A92427DABF9B0041404A /* Views */ = {
			isa = PBXGroup;
			children = (
				EB78A8E827DAB6BE0041404A /* DSGCodingChallengeApp.swift */,
				EB78A91927DABCA90041404A /* VHomeScreen.swift */,
				EB78A95027DAC1280041404A /* EventView */,
			);
			path = Views;
			sourceTree = "<group>";
		};
		EB78A95027DAC1280041404A /* EventView */ = {
			isa = PBXGroup;
			children = (
				EB66684127DC6294009A1930 /* Helper */,
				EB78A8EA27DAB6BE0041404A /* VEventList.swift */,
				EB78A92527DABFE50041404A /* VEventListItem.swift */,
				EB78A93027DAC01C0041404A /* VEventDetails.swift */,
			);
			path = EventView;
			sourceTree = "<group>";
		};
/* End PBXGroup section */

/* Begin PBXNativeTarget section */
		EB78A8E427DAB6BE0041404A /* DSGCodingChallenge */ = {
			isa = PBXNativeTarget;
			buildConfigurationList = EB78A90A27DAB6C20041404A /* Build configuration list for PBXNativeTarget "DSGCodingChallenge" */;
			buildPhases = (
				F77922D9DD09961FCB47E2BB /* [CP] Check Pods Manifest.lock */,
				EB78A8E127DAB6BE0041404A /* Sources */,
				EB78A8E227DAB6BE0041404A /* Frameworks */,
				EB78A8E327DAB6BE0041404A /* Resources */,
				5E57AB709BD5DA8041338E08 /* [CP] Embed Pods Frameworks */,
			);
			buildRules = (
			);
			dependencies = (
			);
			name = DSGCodingChallenge;
			productName = DSGCodingChallenge;
			productReference = EB78A8E527DAB6BE0041404A /* DSGCodingChallenge.app */;
			productType = "com.apple.product-type.application";
		};
		EB78A8F527DAB6C20041404A /* DSGCodingChallengeTests */ = {
			isa = PBXNativeTarget;
			buildConfigurationList = EB78A90D27DAB6C20041404A /* Build configuration list for PBXNativeTarget "DSGCodingChallengeTests" */;
			buildPhases = (
				21268722362CD48421C48516 /* [CP] Check Pods Manifest.lock */,
				EB78A8F227DAB6C20041404A /* Sources */,
				EB78A8F327DAB6C20041404A /* Frameworks */,
				EB78A8F427DAB6C20041404A /* Resources */,
			);
			buildRules = (
			);
			dependencies = (
				EB78A8F827DAB6C20041404A /* PBXTargetDependency */,
			);
			name = DSGCodingChallengeTests;
			productName = DSGCodingChallengeTests;
			productReference = EB78A8F627DAB6C20041404A /* DSGCodingChallengeTests.xctest */;
			productType = "com.apple.product-type.bundle.unit-test";
		};
/* End PBXNativeTarget section */

/* Begin PBXProject section */
		EB78A8DD27DAB6BD0041404A /* Project object */ = {
			isa = PBXProject;
			attributes = {
				LastSwiftUpdateCheck = 1240;
				LastUpgradeCheck = 1240;
				TargetAttributes = {
					EB78A8E427DAB6BE0041404A = {
						CreatedOnToolsVersion = 12.4;
					};
					EB78A8F527DAB6C20041404A = {
						CreatedOnToolsVersion = 12.4;
						TestTargetID = EB78A8E427DAB6BE0041404A;
					};
				};
			};
			buildConfigurationList = EB78A8E027DAB6BE0041404A /* Build configuration list for PBXProject "DSGCodingChallenge" */;
			compatibilityVersion = "Xcode 9.3";
			developmentRegion = en;
			hasScannedForEncodings = 0;
			knownRegions = (
				en,
				Base,
			);
			mainGroup = EB78A8DC27DAB6BD0041404A;
			packageReferences = (
			);
			productRefGroup = EB78A8E627DAB6BE0041404A /* Products */;
			projectDirPath = "";
			projectRoot = "";
			targets = (
				EB78A8E427DAB6BE0041404A /* DSGCodingChallenge */,
				EB78A8F527DAB6C20041404A /* DSGCodingChallengeTests */,
			);
		};
/* End PBXProject section */

/* Begin PBXResourcesBuildPhase section */
		EB78A8E327DAB6BE0041404A /* Resources */ = {
			isa = PBXResourcesBuildPhase;
			buildActionMask = 2147483647;
			files = (
				EB78A8F027DAB6C20041404A /* Preview Assets.xcassets in Resources */,
				EB78A8ED27DAB6C20041404A /* Assets.xcassets in Resources */,
			);
			runOnlyForDeploymentPostprocessing = 0;
		};
		EB78A8F427DAB6C20041404A /* Resources */ = {
			isa = PBXResourcesBuildPhase;
			buildActionMask = 2147483647;
			files = (
			);
			runOnlyForDeploymentPostprocessing = 0;
		};
/* End PBXResourcesBuildPhase section */

/* Begin PBXShellScriptBuildPhase section */
		21268722362CD48421C48516 /* [CP] Check Pods Manifest.lock */ = {
			isa = PBXShellScriptBuildPhase;
			buildActionMask = 2147483647;
			files = (
			);
			inputFileListPaths = (
			);
			inputPaths = (
				"${PODS_PODFILE_DIR_PATH}/Podfile.lock",
				"${PODS_ROOT}/Manifest.lock",
			);
			name = "[CP] Check Pods Manifest.lock";
			outputFileListPaths = (
			);
			outputPaths = (
				"$(DERIVED_FILE_DIR)/Pods-DSGCodingChallengeTests-checkManifestLockResult.txt",
			);
			runOnlyForDeploymentPostprocessing = 0;
			shellPath = /bin/sh;
			shellScript = "diff \"${PODS_PODFILE_DIR_PATH}/Podfile.lock\" \"${PODS_ROOT}/Manifest.lock\" > /dev/null\nif [ $? != 0 ] ; then\n    # print error to STDERR\n    echo \"error: The sandbox is not in sync with the Podfile.lock. Run 'pod install' or update your CocoaPods installation.\" >&2\n    exit 1\nfi\n# This output is used by Xcode 'outputs' to avoid re-running this script phase.\necho \"SUCCESS\" > \"${SCRIPT_OUTPUT_FILE_0}\"\n";
			showEnvVarsInLog = 0;
		};
		5E57AB709BD5DA8041338E08 /* [CP] Embed Pods Frameworks */ = {
			isa = PBXShellScriptBuildPhase;
			buildActionMask = 2147483647;
			files = (
			);
			inputFileListPaths = (
				"${PODS_ROOT}/Target Support Files/Pods-DSGCodingChallenge/Pods-DSGCodingChallenge-frameworks-${CONFIGURATION}-input-files.xcfilelist",
			);
			name = "[CP] Embed Pods Frameworks";
			outputFileListPaths = (
				"${PODS_ROOT}/Target Support Files/Pods-DSGCodingChallenge/Pods-DSGCodingChallenge-frameworks-${CONFIGURATION}-output-files.xcfilelist",
			);
			runOnlyForDeploymentPostprocessing = 0;
			shellPath = /bin/sh;
			shellScript = "\"${PODS_ROOT}/Target Support Files/Pods-DSGCodingChallenge/Pods-DSGCodingChallenge-frameworks.sh\"\n";
			showEnvVarsInLog = 0;
		};
		F77922D9DD09961FCB47E2BB /* [CP] Check Pods Manifest.lock */ = {
			isa = PBXShellScriptBuildPhase;
			buildActionMask = 2147483647;
			files = (
			);
			inputFileListPaths = (
			);
			inputPaths = (
				"${PODS_PODFILE_DIR_PATH}/Podfile.lock",
				"${PODS_ROOT}/Manifest.lock",
			);
			name = "[CP] Check Pods Manifest.lock";
			outputFileListPaths = (
			);
			outputPaths = (
				"$(DERIVED_FILE_DIR)/Pods-DSGCodingChallenge-checkManifestLockResult.txt",
			);
			runOnlyForDeploymentPostprocessing = 0;
			shellPath = /bin/sh;
			shellScript = "diff \"${PODS_PODFILE_DIR_PATH}/Podfile.lock\" \"${PODS_ROOT}/Manifest.lock\" > /dev/null\nif [ $? != 0 ] ; then\n    # print error to STDERR\n    echo \"error: The sandbox is not in sync with the Podfile.lock. Run 'pod install' or update your CocoaPods installation.\" >&2\n    exit 1\nfi\n# This output is used by Xcode 'outputs' to avoid re-running this script phase.\necho \"SUCCESS\" > \"${SCRIPT_OUTPUT_FILE_0}\"\n";
			showEnvVarsInLog = 0;
		};
/* End PBXShellScriptBuildPhase section */

/* Begin PBXSourcesBuildPhase section */
		EB78A8E127DAB6BE0041404A /* Sources */ = {
			isa = PBXSourcesBuildPhase;
			buildActionMask = 2147483647;
			files = (
				EB5969EE27DEBAF4007089A5 /* UserData.xcdatamodeld in Sources */,
				EB78A94027DAC0630041404A /* VMEventListItem.swift in Sources */,
				EB78A8EB27DAB6BE0041404A /* VEventList.swift in Sources */,
				EB78A8E927DAB6BE0041404A /* DSGCodingChallengeApp.swift in Sources */,
				EB78A91A27DABCA90041404A /* VHomeScreen.swift in Sources */,
				EB78A93127DAC01C0041404A /* VEventDetails.swift in Sources */,
				EB66684327DC62A1009A1930 /* SearchBar.swift in Sources */,
				EB78A93627DAC0350041404A /* Models.swift in Sources */,
				EB78A98127DADCAF0041404A /* SVCSeatGeek.swift in Sources */,
				EB66682D27DC30E9009A1930 /* REPOEvents.swift in Sources */,
				EB5969F327DEBB30007089A5 /* CoreUserData.swift in Sources */,
				EB78A92627DABFE50041404A /* VEventListItem.swift in Sources */,
			);
			runOnlyForDeploymentPostprocessing = 0;
		};
		EB78A8F227DAB6C20041404A /* Sources */ = {
			isa = PBXSourcesBuildPhase;
			buildActionMask = 2147483647;
			files = (
				EB78A8FB27DAB6C20041404A /* SVCSeatGeekTests.swift in Sources */,
				EB5969FE27DEF02F007089A5 /* UserCoreDataTests.swift in Sources */,
			);
			runOnlyForDeploymentPostprocessing = 0;
		};
/* End PBXSourcesBuildPhase section */

/* Begin PBXTargetDependency section */
		EB78A8F827DAB6C20041404A /* PBXTargetDependency */ = {
			isa = PBXTargetDependency;
			target = EB78A8E427DAB6BE0041404A /* DSGCodingChallenge */;
			targetProxy = EB78A8F727DAB6C20041404A /* PBXContainerItemProxy */;
		};
/* End PBXTargetDependency section */

/* Begin XCBuildConfiguration section */
		EB78A90827DAB6C20041404A /* Debug */ = {
			isa = XCBuildConfiguration;
			buildSettings = {
				ALWAYS_SEARCH_USER_PATHS = NO;
				CLANG_ANALYZER_NONNULL = YES;
				CLANG_ANALYZER_NUMBER_OBJECT_CONVERSION = YES_AGGRESSIVE;
				CLANG_CXX_LANGUAGE_STANDARD = "gnu++14";
				CLANG_CXX_LIBRARY = "libc++";
				CLANG_ENABLE_MODULES = YES;
				CLANG_ENABLE_OBJC_ARC = YES;
				CLANG_ENABLE_OBJC_WEAK = YES;
				CLANG_WARN_BLOCK_CAPTURE_AUTORELEASING = YES;
				CLANG_WARN_BOOL_CONVERSION = YES;
				CLANG_WARN_COMMA = YES;
				CLANG_WARN_CONSTANT_CONVERSION = YES;
				CLANG_WARN_DEPRECATED_OBJC_IMPLEMENTATIONS = YES;
				CLANG_WARN_DIRECT_OBJC_ISA_USAGE = YES_ERROR;
				CLANG_WARN_DOCUMENTATION_COMMENTS = YES;
				CLANG_WARN_EMPTY_BODY = YES;
				CLANG_WARN_ENUM_CONVERSION = YES;
				CLANG_WARN_INFINITE_RECURSION = YES;
				CLANG_WARN_INT_CONVERSION = YES;
				CLANG_WARN_NON_LITERAL_NULL_CONVERSION = YES;
				CLANG_WARN_OBJC_IMPLICIT_RETAIN_SELF = YES;
				CLANG_WARN_OBJC_LITERAL_CONVERSION = YES;
				CLANG_WARN_OBJC_ROOT_CLASS = YES_ERROR;
				CLANG_WARN_QUOTED_INCLUDE_IN_FRAMEWORK_HEADER = YES;
				CLANG_WARN_RANGE_LOOP_ANALYSIS = YES;
				CLANG_WARN_STRICT_PROTOTYPES = YES;
				CLANG_WARN_SUSPICIOUS_MOVE = YES;
				CLANG_WARN_UNGUARDED_AVAILABILITY = YES_AGGRESSIVE;
				CLANG_WARN_UNREACHABLE_CODE = YES;
				CLANG_WARN__DUPLICATE_METHOD_MATCH = YES;
				COPY_PHASE_STRIP = NO;
				DEBUG_INFORMATION_FORMAT = dwarf;
				ENABLE_STRICT_OBJC_MSGSEND = YES;
				ENABLE_TESTABILITY = YES;
				GCC_C_LANGUAGE_STANDARD = gnu11;
				GCC_DYNAMIC_NO_PIC = NO;
				GCC_NO_COMMON_BLOCKS = YES;
				GCC_OPTIMIZATION_LEVEL = 0;
				GCC_PREPROCESSOR_DEFINITIONS = (
					"DEBUG=1",
					"$(inherited)",
				);
				GCC_WARN_64_TO_32_BIT_CONVERSION = YES;
				GCC_WARN_ABOUT_RETURN_TYPE = YES_ERROR;
				GCC_WARN_UNDECLARED_SELECTOR = YES;
				GCC_WARN_UNINITIALIZED_AUTOS = YES_AGGRESSIVE;
				GCC_WARN_UNUSED_FUNCTION = YES;
				GCC_WARN_UNUSED_VARIABLE = YES;
				IPHONEOS_DEPLOYMENT_TARGET = 14.4;
				MTL_ENABLE_DEBUG_INFO = INCLUDE_SOURCE;
				MTL_FAST_MATH = YES;
				ONLY_ACTIVE_ARCH = YES;
				SDKROOT = iphoneos;
				SWIFT_ACTIVE_COMPILATION_CONDITIONS = DEBUG;
				SWIFT_OPTIMIZATION_LEVEL = "-Onone";
			};
			name = Debug;
		};
		EB78A90927DAB6C20041404A /* Release */ = {
			isa = XCBuildConfiguration;
			buildSettings = {
				ALWAYS_SEARCH_USER_PATHS = NO;
				CLANG_ANALYZER_NONNULL = YES;
				CLANG_ANALYZER_NUMBER_OBJECT_CONVERSION = YES_AGGRESSIVE;
				CLANG_CXX_LANGUAGE_STANDARD = "gnu++14";
				CLANG_CXX_LIBRARY = "libc++";
				CLANG_ENABLE_MODULES = YES;
				CLANG_ENABLE_OBJC_ARC = YES;
				CLANG_ENABLE_OBJC_WEAK = YES;
				CLANG_WARN_BLOCK_CAPTURE_AUTORELEASING = YES;
				CLANG_WARN_BOOL_CONVERSION = YES;
				CLANG_WARN_COMMA = YES;
				CLANG_WARN_CONSTANT_CONVERSION = YES;
				CLANG_WARN_DEPRECATED_OBJC_IMPLEMENTATIONS = YES;
				CLANG_WARN_DIRECT_OBJC_ISA_USAGE = YES_ERROR;
				CLANG_WARN_DOCUMENTATION_COMMENTS = YES;
				CLANG_WARN_EMPTY_BODY = YES;
				CLANG_WARN_ENUM_CONVERSION = YES;
				CLANG_WARN_INFINITE_RECURSION = YES;
				CLANG_WARN_INT_CONVERSION = YES;
				CLANG_WARN_NON_LITERAL_NULL_CONVERSION = YES;
				CLANG_WARN_OBJC_IMPLICIT_RETAIN_SELF = YES;
				CLANG_WARN_OBJC_LITERAL_CONVERSION = YES;
				CLANG_WARN_OBJC_ROOT_CLASS = YES_ERROR;
				CLANG_WARN_QUOTED_INCLUDE_IN_FRAMEWORK_HEADER = YES;
				CLANG_WARN_RANGE_LOOP_ANALYSIS = YES;
				CLANG_WARN_STRICT_PROTOTYPES = YES;
				CLANG_WARN_SUSPICIOUS_MOVE = YES;
				CLANG_WARN_UNGUARDED_AVAILABILITY = YES_AGGRESSIVE;
				CLANG_WARN_UNREACHABLE_CODE = YES;
				CLANG_WARN__DUPLICATE_METHOD_MATCH = YES;
				COPY_PHASE_STRIP = NO;
				DEBUG_INFORMATION_FORMAT = "dwarf-with-dsym";
				ENABLE_NS_ASSERTIONS = NO;
				ENABLE_STRICT_OBJC_MSGSEND = YES;
				GCC_C_LANGUAGE_STANDARD = gnu11;
				GCC_NO_COMMON_BLOCKS = YES;
				GCC_WARN_64_TO_32_BIT_CONVERSION = YES;
				GCC_WARN_ABOUT_RETURN_TYPE = YES_ERROR;
				GCC_WARN_UNDECLARED_SELECTOR = YES;
				GCC_WARN_UNINITIALIZED_AUTOS = YES_AGGRESSIVE;
				GCC_WARN_UNUSED_FUNCTION = YES;
				GCC_WARN_UNUSED_VARIABLE = YES;
				IPHONEOS_DEPLOYMENT_TARGET = 14.4;
				MTL_ENABLE_DEBUG_INFO = NO;
				MTL_FAST_MATH = YES;
				SDKROOT = iphoneos;
				SWIFT_COMPILATION_MODE = wholemodule;
				SWIFT_OPTIMIZATION_LEVEL = "-O";
				VALIDATE_PRODUCT = YES;
			};
			name = Release;
		};
		EB78A90B27DAB6C20041404A /* Debug */ = {
			isa = XCBuildConfiguration;
			baseConfigurationReference = B662385264024659CD9A5D32 /* Pods-DSGCodingChallenge.debug.xcconfig */;
			buildSettings = {
				ASSETCATALOG_COMPILER_APPICON_NAME = AppIcon;
				ASSETCATALOG_COMPILER_GLOBAL_ACCENT_COLOR_NAME = AccentColor;
				CODE_SIGN_STYLE = Automatic;
				DEVELOPMENT_ASSET_PATHS = "\"DSGCodingChallenge/Preview Content\"";
				DEVELOPMENT_TEAM = 2MXG9CA59K;
				ENABLE_PREVIEWS = YES;
				INFOPLIST_FILE = DSGCodingChallenge/Info.plist;
				IPHONEOS_DEPLOYMENT_TARGET = 14.0;
				LD_RUNPATH_SEARCH_PATHS = (
					"$(inherited)",
					"@executable_path/Frameworks",
				);
				PRODUCT_BUNDLE_IDENTIFIER = Ramon.DSGCodingChallenge;
				PRODUCT_NAME = "$(TARGET_NAME)";
				SWIFT_VERSION = 5.0;
				TARGETED_DEVICE_FAMILY = "1,2";
			};
			name = Debug;
		};
		EB78A90C27DAB6C20041404A /* Release */ = {
			isa = XCBuildConfiguration;
			baseConfigurationReference = 79F9F08E27D0E7971B06FF8F /* Pods-DSGCodingChallenge.release.xcconfig */;
			buildSettings = {
				ASSETCATALOG_COMPILER_APPICON_NAME = AppIcon;
				ASSETCATALOG_COMPILER_GLOBAL_ACCENT_COLOR_NAME = AccentColor;
				CODE_SIGN_STYLE = Automatic;
				DEVELOPMENT_ASSET_PATHS = "\"DSGCodingChallenge/Preview Content\"";
				DEVELOPMENT_TEAM = 2MXG9CA59K;
				ENABLE_PREVIEWS = YES;
				INFOPLIST_FILE = DSGCodingChallenge/Info.plist;
				IPHONEOS_DEPLOYMENT_TARGET = 14.0;
				LD_RUNPATH_SEARCH_PATHS = (
					"$(inherited)",
					"@executable_path/Frameworks",
				);
				PRODUCT_BUNDLE_IDENTIFIER = Ramon.DSGCodingChallenge;
				PRODUCT_NAME = "$(TARGET_NAME)";
				SWIFT_VERSION = 5.0;
				TARGETED_DEVICE_FAMILY = "1,2";
			};
			name = Release;
		};
		EB78A90E27DAB6C20041404A /* Debug */ = {
			isa = XCBuildConfiguration;
			baseConfigurationReference = C13B250745311B806CA1505A /* Pods-DSGCodingChallengeTests.debug.xcconfig */;
			buildSettings = {
				BUNDLE_LOADER = "$(TEST_HOST)";
				CODE_SIGN_STYLE = Automatic;
				DEVELOPMENT_TEAM = 2MXG9CA59K;
				INFOPLIST_FILE = DSGCodingChallengeTests/Info.plist;
				IPHONEOS_DEPLOYMENT_TARGET = 14.0;
				LD_RUNPATH_SEARCH_PATHS = (
					"$(inherited)",
					"@executable_path/Frameworks",
					"@loader_path/Frameworks",
				);
				PRODUCT_BUNDLE_IDENTIFIER = Ramon.DSGCodingChallengeTests;
				PRODUCT_NAME = "$(TARGET_NAME)";
				SWIFT_VERSION = 5.0;
				TARGETED_DEVICE_FAMILY = "1,2";
				TEST_HOST = "$(BUILT_PRODUCTS_DIR)/DSGCodingChallenge.app/DSGCodingChallenge";
			};
			name = Debug;
		};
		EB78A90F27DAB6C20041404A /* Release */ = {
			isa = XCBuildConfiguration;
			baseConfigurationReference = 52FFA67CF03B10DDBAEF8D33 /* Pods-DSGCodingChallengeTests.release.xcconfig */;
			buildSettings = {
				BUNDLE_LOADER = "$(TEST_HOST)";
				CODE_SIGN_STYLE = Automatic;
				DEVELOPMENT_TEAM = 2MXG9CA59K;
				INFOPLIST_FILE = DSGCodingChallengeTests/Info.plist;
				IPHONEOS_DEPLOYMENT_TARGET = 14.0;
				LD_RUNPATH_SEARCH_PATHS = (
					"$(inherited)",
					"@executable_path/Frameworks",
					"@loader_path/Frameworks",
				);
				PRODUCT_BUNDLE_IDENTIFIER = Ramon.DSGCodingChallengeTests;
				PRODUCT_NAME = "$(TARGET_NAME)";
				SWIFT_VERSION = 5.0;
				TARGETED_DEVICE_FAMILY = "1,2";
				TEST_HOST = "$(BUILT_PRODUCTS_DIR)/DSGCodingChallenge.app/DSGCodingChallenge";
			};
			name = Release;
		};
/* End XCBuildConfiguration section */

/* Begin XCConfigurationList section */
		EB78A8E027DAB6BE0041404A /* Build configuration list for PBXProject "DSGCodingChallenge" */ = {
			isa = XCConfigurationList;
			buildConfigurations = (
				EB78A90827DAB6C20041404A /* Debug */,
				EB78A90927DAB6C20041404A /* Release */,
			);
			defaultConfigurationIsVisible = 0;
			defaultConfigurationName = Release;
		};
		EB78A90A27DAB6C20041404A /* Build configuration list for PBXNativeTarget "DSGCodingChallenge" */ = {
			isa = XCConfigurationList;
			buildConfigurations = (
				EB78A90B27DAB6C20041404A /* Debug */,
				EB78A90C27DAB6C20041404A /* Release */,
			);
			defaultConfigurationIsVisible = 0;
			defaultConfigurationName = Release;
		};
		EB78A90D27DAB6C20041404A /* Build configuration list for PBXNativeTarget "DSGCodingChallengeTests" */ = {
			isa = XCConfigurationList;
			buildConfigurations = (
				EB78A90E27DAB6C20041404A /* Debug */,
				EB78A90F27DAB6C20041404A /* Release */,
			);
			defaultConfigurationIsVisible = 0;
			defaultConfigurationName = Release;
		};
/* End XCConfigurationList section */

/* Begin XCVersionGroup section */
		EB5969EC27DEBAF4007089A5 /* UserData.xcdatamodeld */ = {
			isa = XCVersionGroup;
			children = (
				EB5969ED27DEBAF4007089A5 /* UserData.xcdatamodel */,
			);
			currentVersion = EB5969ED27DEBAF4007089A5 /* UserData.xcdatamodel */;
			path = UserData.xcdatamodeld;
			sourceTree = "<group>";
			versionGroupType = wrapper.xcdatamodel;
		};
/* End XCVersionGroup section */
	};
	rootObject = EB78A8DD27DAB6BD0041404A /* Project object */;
}
